
Microsoft Visual Studio Solution File, Format Version 12.00
# Visual Studio 14
VisualStudioVersion = 14.0.25420.1
MinimumVisualStudioVersion = 10.0.40219.1
Project("{2150E333-8FDC-42A3-9474-1A3956D46DE8}") = "Solution Items", "Solution Items", "{0C8FADF6-B5AA-4D4C-9D9D-717D2469CF3D}"
EndProject
Project("{FAE04EC0-301F-11D3-BF4B-00C04F79EFBC}") = "ChangeLogging", "ChangeLogging\ChangeLogging.csproj", "{D095365E-5B6D-40BD-8444-5294289FDE37}"
EndProject
Global
	GlobalSection(SolutionConfigurationPlatforms) = preSolution
		Debug|Any CPU = Debug|Any CPU
		Release|Any CPU = Release|Any CPU
	EndGlobalSection
	GlobalSection(ProjectConfigurationPlatforms) = postSolution
		{D095365E-5B6D-40BD-8444-5294289FDE37}.Debug|Any CPU.ActiveCfg = Debug|Any CPU
		{D095365E-5B6D-40BD-8444-5294289FDE37}.Debug|Any CPU.Build.0 = Debug|Any CPU
		{D095365E-5B6D-40BD-8444-5294289FDE37}.Release|Any CPU.ActiveCfg = Release|Any CPU
		{D095365E-5B6D-40BD-8444-5294289FDE37}.Release|Any CPU.Build.0 = Release|Any CPU
	EndGlobalSection
	GlobalSection(SolutionProperties) = preSolution
		HideSolutionNode = FALSE
	EndGlobalSection
EndGlobal
