
Microsoft Visual Studio Solution File, Format Version 12.00
# Visual Studio 15
VisualStudioVersion = 15.0.26124.0
MinimumVisualStudioVersion = 15.0.26124.0
Project("{FAE04EC0-301F-11D3-BF4B-00C04F79EFBC}") = "Connecting", "Connecting\Connecting.csproj", "{00621A74-980A-4FEA-8536-79A74915FF26}"
EndProject
Project("{FAE04EC0-301F-11D3-BF4B-00C04F79EFBC}") = "PublishSubscribe", "PublishSubscribe\PublishSubscribe.csproj", "{878D1591-D5DC-41CA-A703-2F444ABB403A}"
EndProject
Project("{FAE04EC0-301F-11D3-BF4B-00C04F79EFBC}") = "RequestResponse", "RequestResponse\RequestResponse.csproj", "{BE4074D6-F2D6-4CC2-9771-FBED43E1041C}"
EndProject
Project("{FAE04EC0-301F-11D3-BF4B-00C04F79EFBC}") = "SendReceive", "SendReceive\SendReceive.csproj", "{7C9F86BF-97BE-443D-839C-70CC3F19888B}"
EndProject
Project("{FAE04EC0-301F-11D3-BF4B-00C04F79EFBC}") = "TopicBasedRouting", "TopicBasedRouting\TopicBasedRouting.csproj", "{DAE364ED-B7DC-4BC7-B524-E567129AEE85}"
EndProject
Global
	GlobalSection(SolutionConfigurationPlatforms) = preSolution
		Debug|Any CPU = Debug|Any CPU
		Debug|x64 = Debug|x64
		Debug|x86 = Debug|x86
		Release|Any CPU = Release|Any CPU
		Release|x64 = Release|x64
		Release|x86 = Release|x86
	EndGlobalSection
	GlobalSection(ProjectConfigurationPlatforms) = postSolution
		{00621A74-980A-4FEA-8536-79A74915FF26}.Debug|Any CPU.ActiveCfg = Debug|Any CPU
		{00621A74-980A-4FEA-8536-79A74915FF26}.Debug|Any CPU.Build.0 = Debug|Any CPU
		{00621A74-980A-4FEA-8536-79A74915FF26}.Debug|x64.ActiveCfg = Debug|Any CPU
		{00621A74-980A-4FEA-8536-79A74915FF26}.Debug|x64.Build.0 = Debug|Any CPU
		{00621A74-980A-4FEA-8536-79A74915FF26}.Debug|x86.ActiveCfg = Debug|Any CPU
		{00621A74-980A-4FEA-8536-79A74915FF26}.Debug|x86.Build.0 = Debug|Any CPU
		{00621A74-980A-4FEA-8536-79A74915FF26}.Release|Any CPU.ActiveCfg = Release|Any CPU
		{00621A74-980A-4FEA-8536-79A74915FF26}.Release|Any CPU.Build.0 = Release|Any CPU
		{00621A74-980A-4FEA-8536-79A74915FF26}.Release|x64.ActiveCfg = Release|Any CPU
		{00621A74-980A-4FEA-8536-79A74915FF26}.Release|x64.Build.0 = Release|Any CPU
		{00621A74-980A-4FEA-8536-79A74915FF26}.Release|x86.ActiveCfg = Release|Any CPU
		{00621A74-980A-4FEA-8536-79A74915FF26}.Release|x86.Build.0 = Release|Any CPU
		{878D1591-D5DC-41CA-A703-2F444ABB403A}.Debug|Any CPU.ActiveCfg = Debug|Any CPU
		{878D1591-D5DC-41CA-A703-2F444ABB403A}.Debug|Any CPU.Build.0 = Debug|Any CPU
		{878D1591-D5DC-41CA-A703-2F444ABB403A}.Debug|x64.ActiveCfg = Debug|Any CPU
		{878D1591-D5DC-41CA-A703-2F444ABB403A}.Debug|x64.Build.0 = Debug|Any CPU
		{878D1591-D5DC-41CA-A703-2F444ABB403A}.Debug|x86.ActiveCfg = Debug|Any CPU
		{878D1591-D5DC-41CA-A703-2F444ABB403A}.Debug|x86.Build.0 = Debug|Any CPU
		{878D1591-D5DC-41CA-A703-2F444ABB403A}.Release|Any CPU.ActiveCfg = Release|Any CPU
		{878D1591-D5DC-41CA-A703-2F444ABB403A}.Release|Any CPU.Build.0 = Release|Any CPU
		{878D1591-D5DC-41CA-A703-2F444ABB403A}.Release|x64.ActiveCfg = Release|Any CPU
		{878D1591-D5DC-41CA-A703-2F444ABB403A}.Release|x64.Build.0 = Release|Any CPU
		{878D1591-D5DC-41CA-A703-2F444ABB403A}.Release|x86.ActiveCfg = Release|Any CPU
		{878D1591-D5DC-41CA-A703-2F444ABB403A}.Release|x86.Build.0 = Release|Any CPU
		{BE4074D6-F2D6-4CC2-9771-FBED43E1041C}.Debug|Any CPU.ActiveCfg = Debug|Any CPU
		{BE4074D6-F2D6-4CC2-9771-FBED43E1041C}.Debug|Any CPU.Build.0 = Debug|Any CPU
		{BE4074D6-F2D6-4CC2-9771-FBED43E1041C}.Debug|x64.ActiveCfg = Debug|Any CPU
		{BE4074D6-F2D6-4CC2-9771-FBED43E1041C}.Debug|x64.Build.0 = Debug|Any CPU
		{BE4074D6-F2D6-4CC2-9771-FBED43E1041C}.Debug|x86.ActiveCfg = Debug|Any CPU
		{BE4074D6-F2D6-4CC2-9771-FBED43E1041C}.Debug|x86.Build.0 = Debug|Any CPU
		{BE4074D6-F2D6-4CC2-9771-FBED43E1041C}.Release|Any CPU.ActiveCfg = Release|Any CPU
		{BE4074D6-F2D6-4CC2-9771-FBED43E1041C}.Release|Any CPU.Build.0 = Release|Any CPU
		{BE4074D6-F2D6-4CC2-9771-FBED43E1041C}.Release|x64.ActiveCfg = Release|Any CPU
		{BE4074D6-F2D6-4CC2-9771-FBED43E1041C}.Release|x64.Build.0 = Release|Any CPU
		{BE4074D6-F2D6-4CC2-9771-FBED43E1041C}.Release|x86.ActiveCfg = Release|Any CPU
		{BE4074D6-F2D6-4CC2-9771-FBED43E1041C}.Release|x86.Build.0 = Release|Any CPU
		{7C9F86BF-97BE-443D-839C-70CC3F19888B}.Debug|Any CPU.ActiveCfg = Debug|Any CPU
		{7C9F86BF-97BE-443D-839C-70CC3F19888B}.Debug|Any CPU.Build.0 = Debug|Any CPU
		{7C9F86BF-97BE-443D-839C-70CC3F19888B}.Debug|x64.ActiveCfg = Debug|Any CPU
		{7C9F86BF-97BE-443D-839C-70CC3F19888B}.Debug|x64.Build.0 = Debug|Any CPU
		{7C9F86BF-97BE-443D-839C-70CC3F19888B}.Debug|x86.ActiveCfg = Debug|Any CPU
		{7C9F86BF-97BE-443D-839C-70CC3F19888B}.Debug|x86.Build.0 = Debug|Any CPU
		{7C9F86BF-97BE-443D-839C-70CC3F19888B}.Release|Any CPU.ActiveCfg = Release|Any CPU
		{7C9F86BF-97BE-443D-839C-70CC3F19888B}.Release|Any CPU.Build.0 = Release|Any CPU
		{7C9F86BF-97BE-443D-839C-70CC3F19888B}.Release|x64.ActiveCfg = Release|Any CPU
		{7C9F86BF-97BE-443D-839C-70CC3F19888B}.Release|x64.Build.0 = Release|Any CPU
		{7C9F86BF-97BE-443D-839C-70CC3F19888B}.Release|x86.ActiveCfg = Release|Any CPU
		{7C9F86BF-97BE-443D-839C-70CC3F19888B}.Release|x86.Build.0 = Release|Any CPU
		{DAE364ED-B7DC-4BC7-B524-E567129AEE85}.Debug|Any CPU.ActiveCfg = Debug|Any CPU
		{DAE364ED-B7DC-4BC7-B524-E567129AEE85}.Debug|Any CPU.Build.0 = Debug|Any CPU
		{DAE364ED-B7DC-4BC7-B524-E567129AEE85}.Debug|x64.ActiveCfg = Debug|Any CPU
		{DAE364ED-B7DC-4BC7-B524-E567129AEE85}.Debug|x64.Build.0 = Debug|Any CPU
		{DAE364ED-B7DC-4BC7-B524-E567129AEE85}.Debug|x86.ActiveCfg = Debug|Any CPU
		{DAE364ED-B7DC-4BC7-B524-E567129AEE85}.Debug|x86.Build.0 = Debug|Any CPU
		{DAE364ED-B7DC-4BC7-B524-E567129AEE85}.Release|Any CPU.ActiveCfg = Release|Any CPU
		{DAE364ED-B7DC-4BC7-B524-E567129AEE85}.Release|Any CPU.Build.0 = Release|Any CPU
		{DAE364ED-B7DC-4BC7-B524-E567129AEE85}.Release|x64.ActiveCfg = Release|Any CPU
		{DAE364ED-B7DC-4BC7-B524-E567129AEE85}.Release|x64.Build.0 = Release|Any CPU
		{DAE364ED-B7DC-4BC7-B524-E567129AEE85}.Release|x86.ActiveCfg = Release|Any CPU
		{DAE364ED-B7DC-4BC7-B524-E567129AEE85}.Release|x86.Build.0 = Release|Any CPU
	EndGlobalSection
	GlobalSection(SolutionProperties) = preSolution
		HideSolutionNode = FALSE
	EndGlobalSection
	GlobalSection(ExtensibilityGlobals) = postSolution
		SolutionGuid = {38F06871-8B2B-4C2A-AEAE-86095D355110}
	EndGlobalSection
EndGlobal
